<?xml version="1.0" encoding="utf-8"?>
<Project ToolsVersion="4.0" xmlns="http://schemas.microsoft.com/developer/msbuild/2003">
  <ItemGroup>
    <Filter Include="Source Files">
      <UniqueIdentifier>{4FC737F1-C7A5-4376-A066-2A32D752A2FF}</UniqueIdentifier>
      <Extensions>cpp;c;cc;cxx;c++;cppm;ixx;def;odl;idl;hpj;bat;asm;asmx</Extensions>
    </Filter>
    <Filter Include="Header Files">
      <UniqueIdentifier>{93995380-89BD-4b04-88EB-625FBE52EBFB}</UniqueIdentifier>
      <Extensions>h;hh;hpp;hxx;h++;hm;inl;inc;ipp;xsd</Extensions>
    </Filter>
    <Filter Include="Resource Files">
      <UniqueIdentifier>{67DA6AB6-F800-4c08-8B7A-83BB121AAD01}</UniqueIdentifier>
      <Extensions>rc;ico;cur;bmp;dlg;rc2;rct;bin;rgs;gif;jpg;jpeg;jpe;resx;tiff;tif;png;wav;mfcribbon-ms</Extensions>
    </Filter>
    <Filter Include="Recipe Files">
      <UniqueIdentifier>{69f971f9-3fd0-4b14-a26c-b7530a6b6d41}</UniqueIdentifier>
    </Filter>
    <Filter Include="Recipe Files\CT">
      <UniqueIdentifier>{1ae1baf8-ed42-4284-8c55-3b9153a494b9}</UniqueIdentifier>
    </Filter>
  </ItemGroup>
  <ItemGroup>
    <ClCompile Include="jr_main.cpp">
      <Filter>Source Files</Filter>
    </ClCompile>
    <ClCompile Include="ct_main.cpp">
      <Filter>Source Files</Filter>
    </ClCompile>
    <ClCompile Include="main.cpp">
      <Filter>Source Files</Filter>
    </ClCompile>
    <ClCompile Include="cylinder_main.cpp">
      <Filter>Source Files</Filter>
    </ClCompile>
  </ItemGroup>
  <ItemGroup>
    <ClInclude Include="header.h">
      <Filter>Source Files</Filter>
    </ClInclude>
  </ItemGroup>
  <ItemGroup>
    <None Include="4680_CAN.ini">
      <Filter>Recipe Files\CT</Filter>
    </None>
    <None Include="4680_JR.ini">
      <Filter>Recipe Files\CT</Filter>
    </None>
    <None Include="21700_CAN.ini">
      <Filter>Recipe Files\CT</Filter>
    </None>
    <None Include="21700_JR.ini">
      <Filter>Recipe Files\CT</Filter>
    </None>
  </ItemGroup>
</Project>