<?xml version="1.0" encoding="utf-8"?>
<Project ToolsVersion="4.0" xmlns="http://schemas.microsoft.com/developer/msbuild/2003">
  <ItemGroup>
    <ClCompile Include="ContrastEnhancementTest.cpp" />
    <ClCompile Include="DrawingTest.cpp" />
    <ClCompile Include="FindPeakTest.cpp" />
    <ClCompile Include="GammaTest.cpp" />
    <ClCompile Include="GetRotatedAngleTest.cpp" />
    <ClCompile Include="GlobalThresholdTest.cpp" />
    <ClCompile Include="LineDetectorTest.cpp" />
    <ClCompile Include="LocalThresholdTest.cpp" />
    <ClCompile Include="MinMaxTest.cpp" />
    <ClCompile Include="MinMaxTest2.cpp" />
    <ClCompile Include="ReadWriteIniTest.cpp" />
    <ClCompile Include="ROITest.cpp" />
    <ClCompile Include="pch.cpp" />
    <ClCompile Include="PolyFitTest.cpp" />
    <ClCompile Include="xvtFileTest.cpp" />
    <ClCompile Include="xvtConvertTest.cpp" />
    <ClCompile Include="ConvertMilimeterTest.cpp" />
    <ClCompile Include="Testxml.cpp" />
    <ClCompile Include="ThinningTest.cpp" />
    <ClCompile Include="UtilsTest.cpp" />
    <ClCompile Include="xvtCSVTest.cpp" />
    <ClCompile Include="xvtCTAngleSelectTest.cpp" />
    <ClCompile Include="xvtParseArgsTest.cpp" />
    <ClCompile Include="xvtRangeTest.cpp" />
    <ClCompile Include="RanSacTest.cpp" />
    <ClCompile Include="TableTest.cpp" />
    <ClCompile Include="ImageQualityMeasureTest.cpp" />
  </ItemGroup>
  <ItemGroup>
    <ClInclude Include="pch.h" />
    <ClInclude Include="stringTestSet.h" />
  </ItemGroup>
  <ItemGroup>
    <None Include="packages.config" />
  </ItemGroup>
  <ItemGroup>
    <Filter Include="TestImages">
      <UniqueIdentifier>{d13857bb-bec1-41b1-beb5-8a214ccf8cb7}</UniqueIdentifier>
    </Filter>
    <Filter Include="Examples">
      <UniqueIdentifier>{a62e3e96-215b-4668-ae90-71b62f5b436b}</UniqueIdentifier>
    </Filter>
  </ItemGroup>
  <ItemGroup>
    <Image Include="line_image_test\Cur1.jpg">
      <Filter>TestImages</Filter>
    </Image>
    <Image Include="line_image_test\Hor1B2W.jpg">
      <Filter>TestImages</Filter>
    </Image>
    <Image Include="line_image_test\Hor2W2B.jpg">
      <Filter>TestImages</Filter>
    </Image>
    <Image Include="line_image_test\Ver1W2B.jpg">
      <Filter>TestImages</Filter>
    </Image>
    <Image Include="line_image_test\Ver2W2B.jpg">
      <Filter>TestImages</Filter>
    </Image>
    <Image Include="line_image_test\zigzag1.jpg">
      <Filter>TestImages</Filter>
    </Image>
    <Image Include="..\xvtcvLib\Docs\Images\edgeImage.png">
      <Filter>TestImages</Filter>
    </Image>
    <Image Include="..\line_image_test\LinePair.jpg">
      <Filter>TestImages</Filter>
    </Image>
  </ItemGroup>
  <ItemGroup>
    <Text Include="MicNoise2.txt">
      <Filter>TestImages</Filter>
    </Text>
    <Text Include="MicNoise1.txt">
      <Filter>TestImages</Filter>
    </Text>
  </ItemGroup>
</Project>