
Microsoft Visual Studio Solution File, Format Version 12.00
# Visual Studio Version 16
VisualStudioVersion = 16.0.32901.82
MinimumVisualStudioVersion = 10.0.40219.1
Project("{8BC9CEB8-8B4A-11D0-8D11-00A0C91BC942}") = "xvtBatteryCuda", "xvtBattery\xvtBatteryCuda.vcxproj", "{B2B4EFE3-754B-4F1F-B490-EF2FB817BEA7}"
EndProject
Project("{8BC9CEB8-8B4A-11D0-8D11-00A0C91BC942}") = "testCuda", "test\testCuda.vcxproj", "{72CF5644-0977-4771-8B1D-27EDFACFBE50}"
EndProject
Project("{8BC9CEB8-8B4A-11D0-8D11-00A0C91BC942}") = "xvtBatteryExample", "xvtBatteryExample\xvtBatteryExample.vcxproj", "{C70D41E8-3DF3-4506-BE73-7B3B572833AF}"
EndProject
Project("{2150E333-8FDC-42A3-9474-1A3956D46DE8}") = "Solution Items", "Solution Items", "{AEC717B5-4A4F-4CF9-89C8-A87789482F86}"
	ProjectSection(SolutionItems) = preProject
		.gitignore = .gitignore
		.gitlab-ci.yml = .gitlab-ci.yml
		.gitmodules = .gitmodules
		Doxyfile = Doxyfile
		README.md = README.md
	EndProjectSection
EndProject
Project("{8BC9CEB8-8B4A-11D0-8D11-00A0C91BC942}") = "xvtCV", "lib\xvtCV\xvtcvLib\xvtCV.vcxproj", "{CAAC539D-3EB6-4BC2-9AE6-D87DFA0E4B98}"
EndProject
Project("{8BC9CEB8-8B4A-11D0-8D11-00A0C91BC942}") = "krCTConsole", "krCTConsole\krCTConsole.vcxproj", "{C204FFE2-6DF0-433E-B79D-ADF5FBB7A058}"
EndProject
Project("{8BC9CEB8-8B4A-11D0-8D11-00A0C91BC942}") = "xvtBatteryTest", "xvtBatteryTest\xvtBatteryTest.vcxproj", "{6992AB1B-A6CE-4E0A-BBFE-8022219FF93F}"
EndProject
Global
	GlobalSection(SolutionConfigurationPlatforms) = preSolution
		Debug|x64 = Debug|x64
		Debug|x86 = Debug|x86
		Release|x64 = Release|x64
		Release|x86 = Release|x86
		ReleasePerf|x64 = ReleasePerf|x64
		ReleasePerf|x86 = ReleasePerf|x86
	EndGlobalSection
	GlobalSection(ProjectConfigurationPlatforms) = postSolution
		{B2B4EFE3-754B-4F1F-B490-EF2FB817BEA7}.Debug|x64.ActiveCfg = Debug|x64
		{B2B4EFE3-754B-4F1F-B490-EF2FB817BEA7}.Debug|x64.Build.0 = Debug|x64
		{B2B4EFE3-754B-4F1F-B490-EF2FB817BEA7}.Debug|x86.ActiveCfg = Debug|Win32
		{B2B4EFE3-754B-4F1F-B490-EF2FB817BEA7}.Debug|x86.Build.0 = Debug|Win32
		{B2B4EFE3-754B-4F1F-B490-EF2FB817BEA7}.Release|x64.ActiveCfg = Release|x64
		{B2B4EFE3-754B-4F1F-B490-EF2FB817BEA7}.Release|x64.Build.0 = Release|x64
		{B2B4EFE3-754B-4F1F-B490-EF2FB817BEA7}.Release|x86.ActiveCfg = Release|Win32
		{B2B4EFE3-754B-4F1F-B490-EF2FB817BEA7}.Release|x86.Build.0 = Release|Win32
		{B2B4EFE3-754B-4F1F-B490-EF2FB817BEA7}.ReleasePerf|x64.ActiveCfg = ReleasePerf|x64
		{B2B4EFE3-754B-4F1F-B490-EF2FB817BEA7}.ReleasePerf|x64.Build.0 = ReleasePerf|x64
		{B2B4EFE3-754B-4F1F-B490-EF2FB817BEA7}.ReleasePerf|x86.ActiveCfg = ReleasePerf|Win32
		{B2B4EFE3-754B-4F1F-B490-EF2FB817BEA7}.ReleasePerf|x86.Build.0 = ReleasePerf|Win32
		{72CF5644-0977-4771-8B1D-27EDFACFBE50}.Debug|x64.ActiveCfg = Debug|x64
		{72CF5644-0977-4771-8B1D-27EDFACFBE50}.Debug|x64.Build.0 = Debug|x64
		{72CF5644-0977-4771-8B1D-27EDFACFBE50}.Debug|x86.ActiveCfg = Debug|Win32
		{72CF5644-0977-4771-8B1D-27EDFACFBE50}.Debug|x86.Build.0 = Debug|Win32
		{72CF5644-0977-4771-8B1D-27EDFACFBE50}.Release|x64.ActiveCfg = Release|x64
		{72CF5644-0977-4771-8B1D-27EDFACFBE50}.Release|x64.Build.0 = Release|x64
		{72CF5644-0977-4771-8B1D-27EDFACFBE50}.Release|x86.ActiveCfg = Release|Win32
		{72CF5644-0977-4771-8B1D-27EDFACFBE50}.Release|x86.Build.0 = Release|Win32
		{72CF5644-0977-4771-8B1D-27EDFACFBE50}.ReleasePerf|x64.ActiveCfg = ReleasePerf|x64
		{72CF5644-0977-4771-8B1D-27EDFACFBE50}.ReleasePerf|x64.Build.0 = ReleasePerf|x64
		{72CF5644-0977-4771-8B1D-27EDFACFBE50}.ReleasePerf|x86.ActiveCfg = ReleasePerf|Win32
		{72CF5644-0977-4771-8B1D-27EDFACFBE50}.ReleasePerf|x86.Build.0 = ReleasePerf|Win32
		{C70D41E8-3DF3-4506-BE73-7B3B572833AF}.Debug|x64.ActiveCfg = Debug|x64
		{C70D41E8-3DF3-4506-BE73-7B3B572833AF}.Debug|x64.Build.0 = Debug|x64
		{C70D41E8-3DF3-4506-BE73-7B3B572833AF}.Debug|x86.ActiveCfg = Debug|Win32
		{C70D41E8-3DF3-4506-BE73-7B3B572833AF}.Debug|x86.Build.0 = Debug|Win32
		{C70D41E8-3DF3-4506-BE73-7B3B572833AF}.Release|x64.ActiveCfg = Release|x64
		{C70D41E8-3DF3-4506-BE73-7B3B572833AF}.Release|x64.Build.0 = Release|x64
		{C70D41E8-3DF3-4506-BE73-7B3B572833AF}.Release|x86.ActiveCfg = Release|Win32
		{C70D41E8-3DF3-4506-BE73-7B3B572833AF}.Release|x86.Build.0 = Release|Win32
		{C70D41E8-3DF3-4506-BE73-7B3B572833AF}.ReleasePerf|x64.ActiveCfg = Release|x64
		{C70D41E8-3DF3-4506-BE73-7B3B572833AF}.ReleasePerf|x64.Build.0 = Release|x64
		{C70D41E8-3DF3-4506-BE73-7B3B572833AF}.ReleasePerf|x86.ActiveCfg = Release|Win32
		{C70D41E8-3DF3-4506-BE73-7B3B572833AF}.ReleasePerf|x86.Build.0 = Release|Win32
		{CAAC539D-3EB6-4BC2-9AE6-D87DFA0E4B98}.Debug|x64.ActiveCfg = Debug|x64
		{CAAC539D-3EB6-4BC2-9AE6-D87DFA0E4B98}.Debug|x64.Build.0 = Debug|x64
		{CAAC539D-3EB6-4BC2-9AE6-D87DFA0E4B98}.Debug|x86.ActiveCfg = Debug|Win32
		{CAAC539D-3EB6-4BC2-9AE6-D87DFA0E4B98}.Debug|x86.Build.0 = Debug|Win32
		{CAAC539D-3EB6-4BC2-9AE6-D87DFA0E4B98}.Release|x64.ActiveCfg = Release|x64
		{CAAC539D-3EB6-4BC2-9AE6-D87DFA0E4B98}.Release|x64.Build.0 = Release|x64
		{CAAC539D-3EB6-4BC2-9AE6-D87DFA0E4B98}.Release|x86.ActiveCfg = Release|Win32
		{CAAC539D-3EB6-4BC2-9AE6-D87DFA0E4B98}.Release|x86.Build.0 = Release|Win32
		{CAAC539D-3EB6-4BC2-9AE6-D87DFA0E4B98}.ReleasePerf|x64.ActiveCfg = ReleasePerf|x64
		{CAAC539D-3EB6-4BC2-9AE6-D87DFA0E4B98}.ReleasePerf|x64.Build.0 = ReleasePerf|x64
		{CAAC539D-3EB6-4BC2-9AE6-D87DFA0E4B98}.ReleasePerf|x86.ActiveCfg = ReleasePerf|Win32
		{CAAC539D-3EB6-4BC2-9AE6-D87DFA0E4B98}.ReleasePerf|x86.Build.0 = ReleasePerf|Win32
		{C204FFE2-6DF0-433E-B79D-ADF5FBB7A058}.Debug|x64.ActiveCfg = Debug|x64
		{C204FFE2-6DF0-433E-B79D-ADF5FBB7A058}.Debug|x64.Build.0 = Debug|x64
		{C204FFE2-6DF0-433E-B79D-ADF5FBB7A058}.Debug|x86.ActiveCfg = Debug|Win32
		{C204FFE2-6DF0-433E-B79D-ADF5FBB7A058}.Debug|x86.Build.0 = Debug|Win32
		{C204FFE2-6DF0-433E-B79D-ADF5FBB7A058}.Release|x64.ActiveCfg = Release|x64
		{C204FFE2-6DF0-433E-B79D-ADF5FBB7A058}.Release|x64.Build.0 = Release|x64
		{C204FFE2-6DF0-433E-B79D-ADF5FBB7A058}.Release|x86.ActiveCfg = Release|Win32
		{C204FFE2-6DF0-433E-B79D-ADF5FBB7A058}.Release|x86.Build.0 = Release|Win32
		{C204FFE2-6DF0-433E-B79D-ADF5FBB7A058}.ReleasePerf|x64.ActiveCfg = Release|x64
		{C204FFE2-6DF0-433E-B79D-ADF5FBB7A058}.ReleasePerf|x64.Build.0 = Release|x64
		{C204FFE2-6DF0-433E-B79D-ADF5FBB7A058}.ReleasePerf|x86.ActiveCfg = Release|Win32
		{C204FFE2-6DF0-433E-B79D-ADF5FBB7A058}.ReleasePerf|x86.Build.0 = Release|Win32
		{6992AB1B-A6CE-4E0A-BBFE-8022219FF93F}.Debug|x64.ActiveCfg = Debug|x64
		{6992AB1B-A6CE-4E0A-BBFE-8022219FF93F}.Debug|x64.Build.0 = Debug|x64
		{6992AB1B-A6CE-4E0A-BBFE-8022219FF93F}.Debug|x86.ActiveCfg = Debug|Win32
		{6992AB1B-A6CE-4E0A-BBFE-8022219FF93F}.Debug|x86.Build.0 = Debug|Win32
		{6992AB1B-A6CE-4E0A-BBFE-8022219FF93F}.Release|x64.ActiveCfg = Release|x64
		{6992AB1B-A6CE-4E0A-BBFE-8022219FF93F}.Release|x64.Build.0 = Release|x64
		{6992AB1B-A6CE-4E0A-BBFE-8022219FF93F}.Release|x86.ActiveCfg = Release|Win32
		{6992AB1B-A6CE-4E0A-BBFE-8022219FF93F}.Release|x86.Build.0 = Release|Win32
		{6992AB1B-A6CE-4E0A-BBFE-8022219FF93F}.ReleasePerf|x64.ActiveCfg = Release|x64
		{6992AB1B-A6CE-4E0A-BBFE-8022219FF93F}.ReleasePerf|x64.Build.0 = Release|x64
		{6992AB1B-A6CE-4E0A-BBFE-8022219FF93F}.ReleasePerf|x86.ActiveCfg = Release|Win32
		{6992AB1B-A6CE-4E0A-BBFE-8022219FF93F}.ReleasePerf|x86.Build.0 = Release|Win32
	EndGlobalSection
	GlobalSection(SolutionProperties) = preSolution
		HideSolutionNode = FALSE
	EndGlobalSection
	GlobalSection(ExtensibilityGlobals) = postSolution
		SolutionGuid = {054D8160-2B05-4CA5-A2BB-2F738EE721C5}
	EndGlobalSection
EndGlobal
