<?xml version="1.0" encoding="utf-8"?>
<Project ToolsVersion="4.0" xmlns="http://schemas.microsoft.com/developer/msbuild/2003">
  <ItemGroup>
    <Filter Include="Utils">
      <UniqueIdentifier>{796388ef-84c7-4ffe-89c5-2d7f743b298b}</UniqueIdentifier>
    </Filter>
    <Filter Include="Draw Files">
      <UniqueIdentifier>{956b2d34-d765-406e-9d6a-36787a4cde68}</UniqueIdentifier>
    </Filter>
    <Filter Include="Scripts">
      <UniqueIdentifier>{7d8819d7-65c0-4f7b-960c-cc28bd892958}</UniqueIdentifier>
    </Filter>
    <Filter Include="CT">
      <UniqueIdentifier>{fd50c433-5f97-4776-a9d2-042d2fd127a7}</UniqueIdentifier>
    </Filter>
    <Filter Include="Docs">
      <UniqueIdentifier>{909d7186-6fe7-4e97-a3f1-caeea811fe7f}</UniqueIdentifier>
    </Filter>
    <Filter Include="Convert">
      <UniqueIdentifier>{a2e56b8b-2610-49f6-a4e1-1191463fe42e}</UniqueIdentifier>
    </Filter>
    <Filter Include="Interface">
      <UniqueIdentifier>{d66a911e-66ab-415e-b813-64b69f662eb7}</UniqueIdentifier>
    </Filter>
    <Filter Include="Data Storage">
      <UniqueIdentifier>{d713870d-2244-44e7-b443-0ae21d387c44}</UniqueIdentifier>
    </Filter>
    <Filter Include="Image Processing">
      <UniqueIdentifier>{106e8965-106a-4172-a3fc-25057fed2817}</UniqueIdentifier>
    </Filter>
    <Filter Include="Image Processing\Threshold">
      <UniqueIdentifier>{78ac5e01-cfcb-4e3b-bc2c-6c32d2c465c3}</UniqueIdentifier>
    </Filter>
    <Filter Include="Image Processing\Enhancement">
      <UniqueIdentifier>{e9e314fb-4316-47a9-8fb5-efc6529fabdc}</UniqueIdentifier>
    </Filter>
    <Filter Include="Image Processing\Processing">
      <UniqueIdentifier>{6f5c4863-f2fd-461d-a243-cfbb0750bb40}</UniqueIdentifier>
    </Filter>
    <Filter Include="Shape Detection">
      <UniqueIdentifier>{d2ae889e-64b3-42ab-86f5-3936d10ee918}</UniqueIdentifier>
    </Filter>
    <Filter Include="Image Processing\Filter">
      <UniqueIdentifier>{a5c8efc7-0116-4cad-8e25-93179fbea57e}</UniqueIdentifier>
    </Filter>
    <Filter Include="Image Processing\Features">
      <UniqueIdentifier>{70e1e9a5-71c3-4fd9-b74e-983042e593d1}</UniqueIdentifier>
    </Filter>
  </ItemGroup>
  <ItemGroup>
    <ClCompile Include="source\Polyfit.cpp">
      <Filter>Shape Detection</Filter>
    </ClCompile>
    <ClCompile Include="source\Utils.cpp">
      <Filter>Utils</Filter>
    </ClCompile>
    <ClCompile Include="source\Drawing.cpp">
      <Filter>Draw Files</Filter>
    </ClCompile>
    <ClCompile Include="source\CircleDetector.cpp">
      <Filter>Shape Detection</Filter>
    </ClCompile>
    <ClCompile Include="source\LineDetector.cpp">
      <Filter>Shape Detection</Filter>
    </ClCompile>
    <ClCompile Include="source\Contour.cpp">
      <Filter>Image Processing\Features</Filter>
    </ClCompile>
    <ClCompile Include="source\Fiducial.cpp">
      <Filter>Image Processing\Features</Filter>
    </ClCompile>
    <ClCompile Include="source\GlobalThresholding.cpp">
      <Filter>Image Processing\Threshold</Filter>
    </ClCompile>
    <ClCompile Include="source\LocalThresholding.cpp">
      <Filter>Image Processing\Threshold</Filter>
    </ClCompile>
    <ClCompile Include="source\EdgeTrackingNoDes.cpp">
      <Filter>Shape Detection</Filter>
    </ClCompile>
    <ClCompile Include="source\KuwaharaFilter.cpp">
      <Filter>Image Processing\Filter</Filter>
    </ClCompile>
    <ClCompile Include="source\ContrastEnhancement.cpp">
      <Filter>Image Processing\Enhancement</Filter>
    </ClCompile>
    <ClCompile Include="source\xvtRange.cpp">
      <Filter>Utils</Filter>
    </ClCompile>
    <ClCompile Include="source\CurveCSS.cpp">
      <Filter>Shape Detection</Filter>
    </ClCompile>
    <ClCompile Include="source\xvtTypes.cpp">
      <Filter>Utils</Filter>
    </ClCompile>
    <ClCompile Include="source\ScopeTimer.cpp">
      <Filter>Utils</Filter>
    </ClCompile>
    <ClCompile Include="source\GammaCorrector.cpp">
      <Filter>Image Processing\Enhancement</Filter>
    </ClCompile>
    <ClCompile Include="source\LineTrace.cpp">
      <Filter>Shape Detection</Filter>
    </ClCompile>
    <ClCompile Include="source\Thinning.cpp">
      <Filter>Image Processing\Processing</Filter>
    </ClCompile>
    <ClCompile Include="source\FindPathWithValue.cpp">
      <Filter>Utils</Filter>
    </ClCompile>
    <ClCompile Include="source\xvtIntensityAnalyzer.cpp">
      <Filter>Utils</Filter>
    </ClCompile>
    <ClCompile Include="source\xvtParseArgs.cpp">
      <Filter>Utils</Filter>
    </ClCompile>
    <ClCompile Include="source\xvtCTAngleSelect.cpp">
      <Filter>CT</Filter>
    </ClCompile>
    <ClCompile Include="source\PixelRef.cpp">
      <Filter>Convert</Filter>
    </ClCompile>
    <ClCompile Include="source\xvtConvert.cpp">
      <Filter>Convert</Filter>
    </ClCompile>
    <ClCompile Include="source\xvtbase64.cpp">
      <Filter>Convert</Filter>
    </ClCompile>
    <ClCompile Include="source\IInspection.cpp">
      <Filter>Interface</Filter>
    </ClCompile>
    <ClCompile Include="source\VersionInfo.cpp">
      <Filter>Interface</Filter>
    </ClCompile>
    <ClCompile Include="source\xvtInspection.cpp">
      <Filter>Interface</Filter>
    </ClCompile>
    <ClCompile Include="source\Peak.cpp">
      <Filter>Shape Detection</Filter>
    </ClCompile>
    <ClCompile Include="source\AStar.cpp">
      <Filter>Shape Detection</Filter>
    </ClCompile>
    <ClCompile Include="source\xvtCSV.cpp">
      <Filter>Data Storage</Filter>
    </ClCompile>
    <ClCompile Include="source\xvtFile.cpp">
      <Filter>Data Storage</Filter>
    </ClCompile>
    <ClCompile Include="source\xvtProperty.cpp">
      <Filter>Data Storage</Filter>
    </ClCompile>
    <ClCompile Include="source\xvtReadWriteINI.cpp">
      <Filter>Data Storage</Filter>
    </ClCompile>
    <ClCompile Include="source\xvtReadWriteXml.cpp">
      <Filter>Data Storage</Filter>
    </ClCompile>
    <ClCompile Include="source\BitmapConverter.cpp">
      <Filter>Convert</Filter>
    </ClCompile>
    <ClCompile Include="source\xvtPen.cpp">
      <Filter>Draw Files</Filter>
    </ClCompile>
    <ClCompile Include="source\xvtTable.cpp">
      <Filter>Draw Files</Filter>
    </ClCompile>
    <ClCompile Include="source\ImageQualityMeasure.cpp">
      <Filter>Utils</Filter>
    </ClCompile>
  </ItemGroup>
  <ItemGroup>
    <ClInclude Include="include\xvtCV\Polyfit.h">
      <Filter>Shape Detection</Filter>
    </ClInclude>
    <ClInclude Include="include\xvtCV\Utils.h">
      <Filter>Utils</Filter>
    </ClInclude>
    <ClInclude Include="include\xvtCV\Drawing.h">
      <Filter>Draw Files</Filter>
    </ClInclude>
    <ClInclude Include="include\xvtCV\CircleDetector.h">
      <Filter>Shape Detection</Filter>
    </ClInclude>
    <ClInclude Include="include\xvtCV\LineDetector.h">
      <Filter>Shape Detection</Filter>
    </ClInclude>
    <ClInclude Include="include\xvtCV\xvtDefine.h">
      <Filter>Utils</Filter>
    </ClInclude>
    <ClInclude Include="include\xvtCV\Contour.h">
      <Filter>Image Processing\Features</Filter>
    </ClInclude>
    <ClInclude Include="include\xvtCV\Fiducial.h">
      <Filter>Image Processing\Features</Filter>
    </ClInclude>
    <ClInclude Include="include\xvtCV\GlobalThresholding.h">
      <Filter>Image Processing\Threshold</Filter>
    </ClInclude>
    <ClInclude Include="include\xvtCV\LocalThresholding.h">
      <Filter>Image Processing\Threshold</Filter>
    </ClInclude>
    <ClInclude Include="include\xvtCV\EdgeTrackingNoDes.h">
      <Filter>Shape Detection</Filter>
    </ClInclude>
    <ClInclude Include="include\xvtCV\KuwaharaFilter.h">
      <Filter>Image Processing\Filter</Filter>
    </ClInclude>
    <ClInclude Include="include\xvtCV\ContrastEnhancement.h">
      <Filter>Image Processing\Enhancement</Filter>
    </ClInclude>
    <ClInclude Include="include\xvtCV\xvtRange.h">
      <Filter>Utils</Filter>
    </ClInclude>
    <ClInclude Include="include\xvtCV\CurveCSS.h">
      <Filter>Shape Detection</Filter>
    </ClInclude>
    <ClInclude Include="include\xvtCV\xvtPen.h">
      <Filter>Draw Files</Filter>
    </ClInclude>
    <ClInclude Include="include\xvtCV\ColorDefine.h">
      <Filter>Draw Files</Filter>
    </ClInclude>
    <ClInclude Include="include\xvtCV\xvtTypes.h">
      <Filter>Utils</Filter>
    </ClInclude>
    <ClInclude Include="include\xvtCV\ScopeTimer.h">
      <Filter>Utils</Filter>
    </ClInclude>
    <ClInclude Include="include\xvtCV\GammaCorrector.h">
      <Filter>Image Processing\Enhancement</Filter>
    </ClInclude>
    <ClInclude Include="include\xvtCV\LineTrace.h">
      <Filter>Shape Detection</Filter>
    </ClInclude>
    <ClInclude Include="include\xvtCV\xvtEnumTemplate.h">
      <Filter>Utils</Filter>
    </ClInclude>
    <ClInclude Include="include\xvtCV\Thinning.h">
      <Filter>Image Processing\Processing</Filter>
    </ClInclude>
    <ClInclude Include="include\xvtCV\FindPathWithValue.h">
      <Filter>Utils</Filter>
    </ClInclude>
    <ClInclude Include="include\xvtCV\xvtIntensityAnalyzer.h">
      <Filter>Utils</Filter>
    </ClInclude>
    <ClInclude Include="include\xvtCV\xvtParseArgs.h">
      <Filter>Utils</Filter>
    </ClInclude>
    <ClInclude Include="include\xvtCV\xvtCTAngleSelect.h">
      <Filter>CT</Filter>
    </ClInclude>
    <ClInclude Include="include\xvtCV\xvtRansac.h">
      <Filter>Utils</Filter>
    </ClInclude>
    <ClInclude Include="include\xvtCV\PixelRef.h">
      <Filter>Convert</Filter>
    </ClInclude>
    <ClInclude Include="include\xvtCV\xvtConvert.h">
      <Filter>Convert</Filter>
    </ClInclude>
    <ClInclude Include="include\xvtCV\xvtbase64.h">
      <Filter>Convert</Filter>
    </ClInclude>
    <ClInclude Include="include\xvtCV\IInspection.h">
      <Filter>Interface</Filter>
    </ClInclude>
    <ClInclude Include="include\xvtCV\VersionInfo.h">
      <Filter>Interface</Filter>
    </ClInclude>
    <ClInclude Include="include\xvtCV\xvtInspection.h">
      <Filter>Interface</Filter>
    </ClInclude>
    <ClInclude Include="include\xvtCV\Peak.h">
      <Filter>Shape Detection</Filter>
    </ClInclude>
    <ClInclude Include="include\xvtCV\AStar.h">
      <Filter>Shape Detection</Filter>
    </ClInclude>
    <ClInclude Include="include\xvtCV\xvtCSV.h">
      <Filter>Data Storage</Filter>
    </ClInclude>
    <ClInclude Include="include\xvtCV\xvtFile.h">
      <Filter>Data Storage</Filter>
    </ClInclude>
    <ClInclude Include="include\xvtCV\xvtProperty.h">
      <Filter>Data Storage</Filter>
    </ClInclude>
    <ClInclude Include="include\xvtCV\xvtProperty.inl.h">
      <Filter>Data Storage</Filter>
    </ClInclude>
    <ClInclude Include="include\xvtCV\xvtReadWriteINI.h">
      <Filter>Data Storage</Filter>
    </ClInclude>
    <ClInclude Include="include\xvtCV\xvtReadWriteXml.h">
      <Filter>Data Storage</Filter>
    </ClInclude>
    <ClInclude Include="include\xvtCV\BitmapConverter.h">
      <Filter>Convert</Filter>
    </ClInclude>
    <ClInclude Include="include\xvtCV\xvtTable.h">
      <Filter>Draw Files</Filter>
    </ClInclude>
    <ClInclude Include="include\xvtCV\ImageQualityMeasure.h">
      <Filter>Utils</Filter>
    </ClInclude>
  </ItemGroup>
  <ItemGroup>
    <None Include="cpp.hint" />
    <None Include="makeInstallFiles.bat">
      <Filter>Scripts</Filter>
    </None>
    <None Include="Update-BuildVersion.ps1">
      <Filter>Scripts</Filter>
    </None>
    <None Include="Docs\CommentingAndDocGenereate.md">
      <Filter>Docs</Filter>
    </None>
    <None Include="Docs\Building.md">
      <Filter>Docs</Filter>
    </None>
    <None Include="Docs\PeakFinding.md">
      <Filter>Docs</Filter>
    </None>
    <None Include="Docs\index.dox">
      <Filter>Docs</Filter>
    </None>
    <None Include="Docs\Drawing.md">
      <Filter>Docs</Filter>
    </None>
    <None Include="Docs\IspectionInterface.md">
      <Filter>Docs</Filter>
    </None>
    <None Include="Docs\SupportCSV.md">
      <Filter>Docs</Filter>
    </None>
    <None Include="Docs\SupportIni.md">
      <Filter>Docs</Filter>
    </None>
    <None Include="Docs\SupportXML.md">
      <Filter>Docs</Filter>
    </None>
    <None Include="Docs\ContourFinding.md">
      <Filter>Docs</Filter>
    </None>
  </ItemGroup>
</Project>