<?xml version="1.0" encoding="utf-8"?>
<Project ToolsVersion="4.0" xmlns="http://schemas.microsoft.com/developer/msbuild/2003">
  <ItemGroup>
    <ClCompile Include="pch.cpp" />
    <ClCompile Include="CylinderBatteryBaseTest.cpp">
      <Filter>CylinderUnitTests</Filter>
    </ClCompile>
    <ClCompile Include="CylinderBatteryLowerTest.cpp">
      <Filter>CylinderUnitTests</Filter>
    </ClCompile>
    <ClCompile Include="CylinderBatteryUpperTest.cpp">
      <Filter>CylinderUnitTests</Filter>
    </ClCompile>
    <ClCompile Include="CylinderBatteryUtilsTest.cpp">
      <Filter>CylinderUnitTests</Filter>
    </ClCompile>
    <ClCompile Include="TestResult.cpp" />
    <ClCompile Include="TestConvertMilimeter.cpp" />
    <ClCompile Include="JRBatteryInspectTest.cpp">
      <Filter>JRUnitTests</Filter>
    </ClCompile>
    <ClCompile Include="BatteryBaseTest.cpp">
      <Filter>BaseUnitTests</Filter>
    </ClCompile>
  </ItemGroup>
  <ItemGroup>
    <ClInclude Include="pch.h" />
  </ItemGroup>
  <ItemGroup>
    <Filter Include="CylinderUnitTests">
      <UniqueIdentifier>{251f2dab-86f9-496a-9051-1b6a766fded1}</UniqueIdentifier>
    </Filter>
    <Filter Include="JRUnitTests">
      <UniqueIdentifier>{1f6501cc-5244-44fd-9d02-020ccb7f007d}</UniqueIdentifier>
    </Filter>
    <Filter Include="BaseUnitTests">
      <UniqueIdentifier>{ff407a66-8fec-4e94-84d6-472813edeccc}</UniqueIdentifier>
    </Filter>
  </ItemGroup>
  <ItemGroup>
    <None Include="packages.config" />
  </ItemGroup>
</Project>