
Microsoft Visual Studio Solution File, Format Version 12.00
# Visual Studio Version 16
VisualStudioVersion = 16.0.32901.82
MinimumVisualStudioVersion = 10.0.40219.1
Project("{8BC9CEB8-8B4A-11D0-8D11-00A0C91BC942}") = "test", "test\test.vcxproj", "{278EB23C-CE06-469E-80FD-C3BDB2B4CA33}"
EndProject
Project("{8BC9CEB8-8B4A-11D0-8D11-00A0C91BC942}") = "xvtCV", "xvtcvLib\xvtCV.vcxproj", "{CAAC539D-3EB6-4BC2-9AE6-D87DFA0E4B98}"
EndProject
Project("{2150E333-8FDC-42A3-9474-1A3956D46DE8}") = "Solution Items", "Solution Items", "{E8F5FB29-7028-411B-8ECE-29F9BE2CE008}"
	ProjectSection(SolutionItems) = preProject
		.gitignore = .gitignore
		.gitlab-ci.yml = .gitlab-ci.yml
		Doxyfile = Doxyfile
		README.md = README.md
	EndProjectSection
EndProject
Global
	GlobalSection(SolutionConfigurationPlatforms) = preSolution
		Debug|x64 = Debug|x64
		Debug|x86 = Debug|x86
		Release|x64 = Release|x64
		Release|x86 = Release|x86
		ReleasePerf|x64 = ReleasePerf|x64
		ReleasePerf|x86 = ReleasePerf|x86
	EndGlobalSection
	GlobalSection(ProjectConfigurationPlatforms) = postSolution
		{278EB23C-CE06-469E-80FD-C3BDB2B4CA33}.Debug|x64.ActiveCfg = Debug|x64
		{278EB23C-CE06-469E-80FD-C3BDB2B4CA33}.Debug|x64.Build.0 = Debug|x64
		{278EB23C-CE06-469E-80FD-C3BDB2B4CA33}.Debug|x86.ActiveCfg = Debug|Win32
		{278EB23C-CE06-469E-80FD-C3BDB2B4CA33}.Debug|x86.Build.0 = Debug|Win32
		{278EB23C-CE06-469E-80FD-C3BDB2B4CA33}.Release|x64.ActiveCfg = Release|x64
		{278EB23C-CE06-469E-80FD-C3BDB2B4CA33}.Release|x64.Build.0 = Release|x64
		{278EB23C-CE06-469E-80FD-C3BDB2B4CA33}.Release|x86.ActiveCfg = Release|Win32
		{278EB23C-CE06-469E-80FD-C3BDB2B4CA33}.Release|x86.Build.0 = Release|Win32
		{278EB23C-CE06-469E-80FD-C3BDB2B4CA33}.ReleasePerf|x64.ActiveCfg = Release|x64
		{278EB23C-CE06-469E-80FD-C3BDB2B4CA33}.ReleasePerf|x64.Build.0 = Release|x64
		{278EB23C-CE06-469E-80FD-C3BDB2B4CA33}.ReleasePerf|x86.ActiveCfg = Release|Win32
		{278EB23C-CE06-469E-80FD-C3BDB2B4CA33}.ReleasePerf|x86.Build.0 = Release|Win32
		{CAAC539D-3EB6-4BC2-9AE6-D87DFA0E4B98}.Debug|x64.ActiveCfg = Debug|x64
		{CAAC539D-3EB6-4BC2-9AE6-D87DFA0E4B98}.Debug|x64.Build.0 = Debug|x64
		{CAAC539D-3EB6-4BC2-9AE6-D87DFA0E4B98}.Debug|x86.ActiveCfg = Debug|Win32
		{CAAC539D-3EB6-4BC2-9AE6-D87DFA0E4B98}.Debug|x86.Build.0 = Debug|Win32
		{CAAC539D-3EB6-4BC2-9AE6-D87DFA0E4B98}.Release|x64.ActiveCfg = Release|x64
		{CAAC539D-3EB6-4BC2-9AE6-D87DFA0E4B98}.Release|x64.Build.0 = Release|x64
		{CAAC539D-3EB6-4BC2-9AE6-D87DFA0E4B98}.Release|x86.ActiveCfg = Release|Win32
		{CAAC539D-3EB6-4BC2-9AE6-D87DFA0E4B98}.Release|x86.Build.0 = Release|Win32
		{CAAC539D-3EB6-4BC2-9AE6-D87DFA0E4B98}.ReleasePerf|x64.ActiveCfg = ReleasePerf|x64
		{CAAC539D-3EB6-4BC2-9AE6-D87DFA0E4B98}.ReleasePerf|x64.Build.0 = ReleasePerf|x64
		{CAAC539D-3EB6-4BC2-9AE6-D87DFA0E4B98}.ReleasePerf|x86.ActiveCfg = ReleasePerf|Win32
		{CAAC539D-3EB6-4BC2-9AE6-D87DFA0E4B98}.ReleasePerf|x86.Build.0 = ReleasePerf|Win32
	EndGlobalSection
	GlobalSection(SolutionProperties) = preSolution
		HideSolutionNode = FALSE
	EndGlobalSection
	GlobalSection(ExtensibilityGlobals) = postSolution
		SolutionGuid = {BBF3F212-3D88-4A48-B088-8EA02E8C686A}
	EndGlobalSection
EndGlobal
